{
  "version": 4,
  "terraform_version": "1.4.6",
  "serial": 208,
  "lineage": "592ff5ed-8e8f-491a-f57e-a92fb0d6fb77",
  "outputs": {},
  "resources": [
    {
      "mode": "managed",
      "type": "google_compute_router",
      "name": "router",
      "provider": "provider[\"registry.terraform.io/hashicorp/google\"]",
      "instances": [
        {
          "schema_version": 0,
          "attributes": {
            "bgp": [],
            "creation_timestamp": "2024-02-01T01:39:32.408-08:00",
            "description": "",
            "encrypted_interconnect_router": false,
            "id": "projects/fit-hub-staging/regions/asia-southeast2/routers/staging-cluster-test-router",
            "name": "staging-cluster-test-router",
            "network": "https://www.googleapis.com/compute/v1/projects/fit-hub-staging/global/networks/vpc-staging",
            "project": "fit-hub-staging",
            "region": "asia-southeast2",
            "self_link": "https://www.googleapis.com/compute/v1/projects/fit-hub-staging/regions/asia-southeast2/routers/staging-cluster-test-router",
            "timeouts": null
          },
          "sensitive_attributes": [],
          "private": "eyJlMmJmYjczMC1lY2FhLTExZTYtOGY4OC0zNDM2M2JjN2M0YzAiOnsiY3JlYXRlIjoxMjAwMDAwMDAwMDAwLCJkZWxldGUiOjEyMDAwMDAwMDAwMDAsInVwZGF0ZSI6MTIwMDAwMDAwMDAwMH19",
          "dependencies": [
            "google_container_cluster.gke_cluster"
          ]
        }
      ]
    },
    {
      "mode": "managed",
      "type": "google_compute_router_nat",
      "name": "nat",
      "provider": "provider[\"registry.terraform.io/hashicorp/google\"]",
      "instances": [
        {
          "schema_version": 0,
          "attributes": {
            "drain_nat_ips": null,
            "enable_dynamic_port_allocation": false,
            "enable_endpoint_independent_mapping": false,
            "icmp_idle_timeout_sec": 30,
            "id": "fit-hub-staging/asia-southeast2/staging-cluster-test-router/staging-cluster-test-nat",
            "log_config": [
              {
                "enable": true,
                "filter": "ERRORS_ONLY"
              }
            ],
            "max_ports_per_vm": 0,
            "min_ports_per_vm": 0,
            "name": "staging-cluster-test-nat",
            "nat_ip_allocate_option": "AUTO_ONLY",
            "nat_ips": null,
            "project": "fit-hub-staging",
            "region": "asia-southeast2",
            "router": "staging-cluster-test-router",
            "rules": [],
            "source_subnetwork_ip_ranges_to_nat": "ALL_SUBNETWORKS_ALL_IP_RANGES",
            "subnetwork": [],
            "tcp_established_idle_timeout_sec": 1200,
            "tcp_time_wait_timeout_sec": 120,
            "tcp_transitory_idle_timeout_sec": 30,
            "timeouts": null,
            "udp_idle_timeout_sec": 30
          },
          "sensitive_attributes": [],
          "private": "eyJlMmJmYjczMC1lY2FhLTExZTYtOGY4OC0zNDM2M2JjN2M0YzAiOnsiY3JlYXRlIjoxMjAwMDAwMDAwMDAwLCJkZWxldGUiOjEyMDAwMDAwMDAwMDAsInVwZGF0ZSI6MTIwMDAwMDAwMDAwMH19",
          "dependencies": [
            "google_compute_router.router",
            "google_container_cluster.gke_cluster"
          ]
        }
      ]
    },
    {
      "mode": "managed",
      "type": "google_compute_subnetwork",
      "name": "subnet",
      "provider": "provider[\"registry.terraform.io/hashicorp/google\"]",
      "instances": [
        {
          "schema_version": 0,
          "attributes": {
            "creation_timestamp": "2024-01-27T07:40:34.826-08:00",
            "description": "",
            "external_ipv6_prefix": "",
            "fingerprint": null,
            "gateway_address": "10.10.0.1",
            "id": "projects/fit-hub-staging/regions/asia-southeast2/subnetworks/gke-vpc-staging-subnet",
            "internal_ipv6_prefix": "",
            "ip_cidr_range": "10.10.0.0/24",
            "ipv6_access_type": "",
            "ipv6_cidr_range": "",
            "log_config": [],
            "name": "gke-vpc-staging-subnet",
            "network": "https://www.googleapis.com/compute/v1/projects/fit-hub-staging/global/networks/vpc-staging",
            "private_ip_google_access": true,
            "private_ipv6_google_access": "DISABLE_GOOGLE_ACCESS",
            "project": "fit-hub-staging",
            "purpose": "PRIVATE",
            "region": "asia-southeast2",
            "role": "",
            "secondary_ip_range": [],
            "self_link": "https://www.googleapis.com/compute/v1/projects/fit-hub-staging/regions/asia-southeast2/subnetworks/gke-vpc-staging-subnet",
            "stack_type": "IPV4_ONLY",
            "timeouts": null
          },
          "sensitive_attributes": [],
          "private": "eyJlMmJmYjczMC1lY2FhLTExZTYtOGY4OC0zNDM2M2JjN2M0YzAiOnsiY3JlYXRlIjoxMjAwMDAwMDAwMDAwLCJkZWxldGUiOjEyMDAwMDAwMDAwMDAsInVwZGF0ZSI6MTIwMDAwMDAwMDAwMH19"
        }
      ]
    },
    {
      "mode": "managed",
      "type": "google_compute_subnetwork",
      "name": "test-subnet",
      "provider": "provider[\"registry.terraform.io/hashicorp/google\"]",
      "instances": [
        {
          "schema_version": 0,
          "attributes": {
            "creation_timestamp": "2024-01-27T07:40:34.918-08:00",
            "description": "",
            "external_ipv6_prefix": "",
            "fingerprint": null,
            "gateway_address": "10.20.0.1",
            "id": "projects/fit-hub-staging/regions/asia-southeast2/subnetworks/test-subnet",
            "internal_ipv6_prefix": "",
            "ip_cidr_range": "10.20.0.0/23",
            "ipv6_access_type": "",
            "ipv6_cidr_range": "",
            "log_config": [],
            "name": "test-subnet",
            "network": "https://www.googleapis.com/compute/v1/projects/fit-hub-staging/global/networks/vpc-staging",
            "private_ip_google_access": false,
            "private_ipv6_google_access": "DISABLE_GOOGLE_ACCESS",
            "project": "fit-hub-staging",
            "purpose": "REGIONAL_MANAGED_PROXY",
            "region": "asia-southeast2",
            "role": "ACTIVE",
            "secondary_ip_range": [],
            "self_link": "https://www.googleapis.com/compute/v1/projects/fit-hub-staging/regions/asia-southeast2/subnetworks/test-subnet",
            "stack_type": "",
            "timeouts": null
          },
          "sensitive_attributes": [],
          "private": "eyJlMmJmYjczMC1lY2FhLTExZTYtOGY4OC0zNDM2M2JjN2M0YzAiOnsiY3JlYXRlIjoxMjAwMDAwMDAwMDAwLCJkZWxldGUiOjEyMDAwMDAwMDAwMDAsInVwZGF0ZSI6MTIwMDAwMDAwMDAwMH19"
        }
      ]
    },
    {
      "mode": "managed",
      "type": "google_container_cluster",
      "name": "gke_cluster",
      "provider": "provider[\"registry.terraform.io/hashicorp/google\"]",
      "instances": [
        {
          "schema_version": 2,
          "attributes": {
            "addons_config": [
              {
                "cloudrun_config": [],
                "config_connector_config": [],
                "dns_cache_config": [],
                "gce_persistent_disk_csi_driver_config": [
                  {
                    "enabled": true
                  }
                ],
                "gcp_filestore_csi_driver_config": [],
                "gcs_fuse_csi_driver_config": [],
                "gke_backup_agent_config": [],
                "horizontal_pod_autoscaling": [
                  {
                    "disabled": true
                  }
                ],
                "http_load_balancing": [
                  {
                    "disabled": false
                  }
                ],
                "network_policy_config": [
                  {
                    "disabled": true
                  }
                ]
              }
            ],
            "allow_net_admin": null,
            "authenticator_groups_config": [],
            "binary_authorization": [
              {
                "enabled": false,
                "evaluation_mode": ""
              }
            ],
            "cluster_autoscaling": [
              {
                "auto_provisioning_defaults": [],
                "autoscaling_profile": "BALANCED",
                "enabled": false,
                "resource_limits": []
              }
            ],
            "cluster_ipv4_cidr": "10.48.0.0/14",
            "confidential_nodes": [],
            "cost_management_config": [],
            "database_encryption": [
              {
                "key_name": "",
                "state": "DECRYPTED"
              }
            ],
            "datapath_provider": "",
            "default_max_pods_per_node": 110,
            "default_snat_status": [
              {
                "disabled": false
              }
            ],
            "deletion_protection": false,
            "description": "",
            "dns_config": [],
            "enable_autopilot": false,
            "enable_intranode_visibility": false,
            "enable_k8s_beta_apis": [],
            "enable_kubernetes_alpha": false,
            "enable_l4_ilb_subsetting": false,
            "enable_legacy_abac": false,
            "enable_shielded_nodes": true,
            "enable_tpu": false,
            "endpoint": "34.101.152.249",
            "fleet": [],
            "gateway_api_config": [
              {
                "channel": "CHANNEL_STANDARD"
              }
            ],
            "id": "projects/fit-hub-staging/locations/asia-southeast2/clusters/staging-cluster-test",
            "identity_service_config": [],
            "initial_node_count": 1,
            "ip_allocation_policy": [
              {
                "additional_pod_ranges_config": [],
                "cluster_ipv4_cidr_block": "10.48.0.0/14",
                "cluster_secondary_range_name": "gke-staging-cluster-test-pods-fd1e6278",
                "pod_cidr_overprovision_config": [
                  {
                    "disabled": false
                  }
                ],
                "services_ipv4_cidr_block": "10.52.0.0/20",
                "services_secondary_range_name": "gke-staging-cluster-test-services-fd1e6278",
                "stack_type": "IPV4"
              }
            ],
            "label_fingerprint": "a9dc16a7",
            "location": "asia-southeast2",
            "logging_config": [
              {
                "enable_components": [
                  "SYSTEM_COMPONENTS",
                  "WORKLOADS"
                ]
              }
            ],
            "logging_service": "logging.googleapis.com/kubernetes",
            "maintenance_policy": [],
            "master_auth": [
              {
                "client_certificate": "",
                "client_certificate_config": [
                  {
                    "issue_client_certificate": false
                  }
                ],
                "client_key": "",
                "cluster_ca_certificate": "LS0tLS1CRUdJTiBDRVJUSUZJQ0FURS0tLS0tCk1JSUVMRENDQXBTZ0F3SUJBZ0lRQmJSMmZXWG0xZG42cUVRMWlpTFdiVEFOQmdrcWhraUc5dzBCQVFzRkFEQXYKTVMwd0t3WURWUVFERXlSaE1qQmlOemRrWVMxa04yVXdMVFEwTmpBdFlUUTRaQzB4WlRsaE5qUTVNVE13TTJRdwpJQmNOTWpRd01qQXhNRGd5TmpJeVdoZ1BNakExTkRBeE1qUXdPVEkyTWpKYU1DOHhMVEFyQmdOVkJBTVRKR0V5Ck1HSTNOMlJoTFdRM1pUQXRORFEyTUMxaE5EaGtMVEZsT1dFMk5Ea3hNekF6WkRDQ0FhSXdEUVlKS29aSWh2Y04KQVFFQkJRQURnZ0dQQURDQ0FZb0NnZ0dCQU9pTldsb1plZ2g5aFA0TG0zaHpESFR3NHBKNnNDcVUralJmOFVwRQpFNkpSbWQ3cDFpZWpFeitMdVYvMFpST2FpZkFuMGZud1BxT1NWV3Z2SDg0L1RPelExV3VJMkg4YXhKVGtWbkhBClFXL1B2YS9iK2NGaTQrRENDbVFKdUVNTjcxeVg5UFJZUVljdkFyaFBLeHBESU50MENlWFYzQzVBTXE1cmh3MmEKUm1hZENQcGxMVWhDVFVxSnBtbnVtR3RteFp0QS9CdHZibHJBSThNUWJuWDJGL1M5cjZlcVZhS2NDTGZ4Ukh0MwpLVDJ1L1RZejRibjV6NFFiN1NCV0x2QW4vTkY0YWRoSmFXdUdUTHhmRjdqaWh3M1FrQXBtMEpYMFJHTE9VTXJPClNSaU5ZbkdJZGUyVmhibElmRzV2c3prT3pudXB3VThYdEpxNENSQ2hHekVETzlkczNRRHJJV1o0UWJscENHeTYKWGhSa1pJTjJMSGlaNjZOajg1TVV1WGQ4SDFtb2UvYTc2Q2hZblhaRTN1bWFtaCt5SmF4V213RkIzYXVhSm1IeApYVlRUT1loOXRYQlF2ajM1Wks1TWo2ancxc3hlWW5iallYL3Rjb2I1bWFtNjhpb0FiWkxUSUE2VFViSmJxUHBqCngxa0JSWklUaDV5Tks4OVBlWmtEQ09FQ1dRSURBUUFCbzBJd1FEQU9CZ05WSFE4QkFmOEVCQU1DQWdRd0R3WUQKVlIwVEFRSC9CQVV3QXdFQi96QWRCZ05WSFE0RUZnUVVWbExtbjlMd3NsVUhuTk1BUWl0cXR6V2pJRm93RFFZSgpLb1pJaHZjTkFRRUxCUUFEZ2dHQkFKeHhFRTRJMUVNVlEwR1hpdUdvZzJEYVcxNEdwSmJJanlmSUZaZkVaaGxPCjBaZUpSS0FjVktkT0IxbTBaVGdGUTVGeTBqUlY3RXFscVR1NnRDOHh4ZWU1SjU1d1pwN1J6S1QrVEVyRDF1ZHoKSVFaUWZhVkcxai9JYTRPaUJhS2h3V0Q5RGdpUUgvMWxScDNPMEl1bWVCV0U4Z0lDbTc5cklheFJObnFFYWtMcwpEbFVlcmp5d2wrSHYzYVNBNW5YNnB2bmFjK1QwRFZlc2w5MlJkTE41M2ZHMnFReU4vaW1rWDhKaE1uZHVjb0NXCnlVTmQyY1A0RkpnQWptcFlGbm4xdkZKaVExT1Q0SkRvVUdsVjhpL2ltUFhOT0FxMGVYOS9uK3VoKzRoa3pFTFkKMTQ4RkY0NFlZV2hxdlhUaFpUY0pJYkRWQ3JaYVUwSEZlWE80YlVMZnl6UUUrM1cyalRHdWh5eVVhLzZMc2Y0VgowMHZ5VVk5Y3NtMkRId0hwQjFTZUJadzB0cXU5bUpyNTlYY2VPY3BOQ0JiTVpzcFdoYVpsZnR4dFdkcWtaUTE3ClpCS2JpclVxRWRleTQrRTNEYi9EYlZGZ3EzQVhsb0U1d2h5WE5rcjlnUmhlRGhPRHIxcFNsQ01wWFMyeXM0LysKYml1cm9kWEhoOUdmNVVpQitoZTdwdz09Ci0tLS0tRU5EIENFUlRJRklDQVRFLS0tLS0K"
              }
            ],
            "master_authorized_networks_config": [],
            "master_version": "1.27.3-gke.100",
            "mesh_certificates": [],
            "min_master_version": null,
            "monitoring_config": [
              {
                "advanced_datapath_observability_config": [
                  {
                    "enable_metrics": false,
                    "relay_mode": ""
                  }
                ],
                "enable_components": [
                  "SYSTEM_COMPONENTS"
                ],
                "managed_prometheus": [
                  {
                    "enabled": true
                  }
                ]
              }
            ],
            "monitoring_service": "monitoring.googleapis.com/kubernetes",
            "name": "staging-cluster-test",
            "network": "projects/fit-hub-staging/global/networks/vpc-staging",
            "network_policy": [
              {
                "enabled": false,
                "provider": "PROVIDER_UNSPECIFIED"
              }
            ],
            "networking_mode": "VPC_NATIVE",
            "node_config": [],
            "node_locations": [
              "asia-southeast2-a",
              "asia-southeast2-b",
              "asia-southeast2-c"
            ],
            "node_pool": [],
            "node_pool_auto_config": [],
            "node_pool_defaults": [
              {
                "node_config_defaults": [
                  {
                    "logging_variant": "DEFAULT"
                  }
                ]
              }
            ],
            "node_version": "1.27.3-gke.100",
            "notification_config": [
              {
                "pubsub": [
                  {
                    "enabled": false,
                    "filter": [],
                    "topic": ""
                  }
                ]
              }
            ],
            "operation": null,
            "private_cluster_config": [
              {
                "enable_private_endpoint": false,
                "enable_private_nodes": true,
                "master_global_access_config": [
                  {
                    "enabled": false
                  }
                ],
                "master_ipv4_cidr_block": "10.10.1.0/28",
                "peering_name": "gke-n0cbc6e5caf472b5a0c8-8ad3-bb90-peer",
                "private_endpoint": "10.10.1.2",
                "private_endpoint_subnetwork": "",
                "public_endpoint": "34.101.152.249"
              }
            ],
            "private_ipv6_google_access": "",
            "project": "fit-hub-staging",
            "release_channel": [
              {
                "channel": "REGULAR"
              }
            ],
            "remove_default_node_pool": true,
            "resource_labels": null,
            "resource_usage_export_config": [],
            "security_posture_config": [
              {
                "mode": "BASIC",
                "vulnerability_mode": "VULNERABILITY_MODE_UNSPECIFIED"
              }
            ],
            "self_link": "https://container.googleapis.com/v1/projects/fit-hub-staging/locations/asia-southeast2/clusters/staging-cluster-test",
            "service_external_ips_config": [
              {
                "enabled": false
              }
            ],
            "services_ipv4_cidr": "10.52.0.0/20",
            "subnetwork": "projects/fit-hub-staging/regions/asia-southeast2/subnetworks/gke-vpc-staging-subnet",
            "timeouts": null,
            "tpu_ipv4_cidr_block": "",
            "vertical_pod_autoscaling": [],
            "workload_identity_config": [
              {
                "workload_pool": "fit-hub-staging.svc.id.goog"
              }
            ]
          },
          "sensitive_attributes": [],
          "private": "eyJlMmJmYjczMC1lY2FhLTExZTYtOGY4OC0zNDM2M2JjN2M0YzAiOnsiY3JlYXRlIjoyNDAwMDAwMDAwMDAwLCJkZWxldGUiOjI0MDAwMDAwMDAwMDAsInJlYWQiOjI0MDAwMDAwMDAwMDAsInVwZGF0ZSI6MzYwMDAwMDAwMDAwMH0sInNjaGVtYV92ZXJzaW9uIjoiMiJ9"
        }
      ]
    },
    {
      "mode": "managed",
      "type": "google_container_node_pool",
      "name": "node_worker_1",
      "provider": "provider[\"registry.terraform.io/hashicorp/google\"]",
      "instances": [
        {
          "schema_version": 1,
          "attributes": {
            "autoscaling": [],
            "cluster": "staging-cluster-test",
            "id": "projects/fit-hub-staging/locations/asia-southeast2/clusters/staging-cluster-test/nodePools/worker-pool-1",
            "initial_node_count": 1,
            "instance_group_urls": [
              "https://www.googleapis.com/compute/v1/projects/fit-hub-staging/zones/asia-southeast2-c/instanceGroupManagers/gke-staging-cluster-tes-worker-pool-1-316bbc67-grp",
              "https://www.googleapis.com/compute/v1/projects/fit-hub-staging/zones/asia-southeast2-b/instanceGroupManagers/gke-staging-cluster-tes-worker-pool-1-351df5e3-grp",
              "https://www.googleapis.com/compute/v1/projects/fit-hub-staging/zones/asia-southeast2-a/instanceGroupManagers/gke-staging-cluster-tes-worker-pool-1-31d39825-grp"
            ],
            "location": "asia-southeast2",
            "managed_instance_group_urls": [
              "https://www.googleapis.com/compute/v1/projects/fit-hub-staging/zones/asia-southeast2-c/instanceGroups/gke-staging-cluster-tes-worker-pool-1-316bbc67-grp",
              "https://www.googleapis.com/compute/v1/projects/fit-hub-staging/zones/asia-southeast2-b/instanceGroups/gke-staging-cluster-tes-worker-pool-1-351df5e3-grp",
              "https://www.googleapis.com/compute/v1/projects/fit-hub-staging/zones/asia-southeast2-a/instanceGroups/gke-staging-cluster-tes-worker-pool-1-31d39825-grp"
            ],
            "management": [
              {
                "auto_repair": true,
                "auto_upgrade": true
              }
            ],
            "max_pods_per_node": 110,
            "name": "worker-pool-1",
            "name_prefix": "",
            "network_config": [
              {
                "create_pod_range": false,
                "enable_private_nodes": false,
                "network_performance_config": [],
                "pod_cidr_overprovision_config": [],
                "pod_ipv4_cidr_block": "10.48.0.0/14",
                "pod_range": "gke-staging-cluster-test-pods-fd1e6278"
              }
            ],
            "node_config": [
              {
                "advanced_machine_features": [],
                "boot_disk_kms_key": "",
                "confidential_nodes": [],
                "disk_size_gb": 100,
                "disk_type": "pd-balanced",
                "effective_taints": [],
                "ephemeral_storage_local_ssd_config": [],
                "fast_socket": [],
                "gcfs_config": [],
                "guest_accelerator": [],
                "gvnic": [],
                "host_maintenance_policy": [],
                "image_type": "COS_CONTAINERD",
                "kubelet_config": [],
                "labels": {
                  "env": "fit-hub-staging-gke"
                },
                "linux_node_config": [],
                "local_nvme_ssd_block_config": [],
                "local_ssd_count": 0,
                "logging_variant": "DEFAULT",
                "machine_type": "n1-standard-2",
                "metadata": {
                  "disable-legacy-endpoints": "true"
                },
                "min_cpu_platform": "",
                "node_group": "",
                "oauth_scopes": [
                  "https://www.googleapis.com/auth/logging.write",
                  "https://www.googleapis.com/auth/monitoring"
                ],
                "preemptible": false,
                "reservation_affinity": [],
                "resource_labels": null,
                "service_account": "default",
                "shielded_instance_config": [
                  {
                    "enable_integrity_monitoring": true,
                    "enable_secure_boot": false
                  }
                ],
                "sole_tenant_config": [],
                "spot": false,
                "tags": [
                  "gke-node",
                  "fit-hub-staging-gke"
                ],
                "taint": [],
                "workload_metadata_config": [
                  {
                    "mode": "GKE_METADATA"
                  }
                ]
              }
            ],
            "node_count": 1,
            "node_locations": [
              "asia-southeast2-a",
              "asia-southeast2-b",
              "asia-southeast2-c"
            ],
            "operation": null,
            "placement_policy": [],
            "project": "fit-hub-staging",
            "timeouts": null,
            "upgrade_settings": [
              {
                "blue_green_settings": [],
                "max_surge": 1,
                "max_unavailable": 0,
                "strategy": "SURGE"
              }
            ],
            "version": "1.27.3-gke.100"
          },
          "sensitive_attributes": [],
          "private": "eyJlMmJmYjczMC1lY2FhLTExZTYtOGY4OC0zNDM2M2JjN2M0YzAiOnsiY3JlYXRlIjoxODAwMDAwMDAwMDAwLCJkZWxldGUiOjE4MDAwMDAwMDAwMDAsInVwZGF0ZSI6MTgwMDAwMDAwMDAwMH0sInNjaGVtYV92ZXJzaW9uIjoiMSJ9",
          "dependencies": [
            "google_container_cluster.gke_cluster"
          ]
        }
      ]
    }
  ],
  "check_results": null
}
